
Microsoft Visual Studio Solution File, Format Version 12.00
# Visual Studio Version 16
VisualStudioVersion = 16.0.29324.140
MinimumVisualStudioVersion = 10.0.40219.1
Project("{FAE04EC0-301F-11D3-BF4B-00C04F79EFBC}") = "Project_management", "Project_management\Project_management.csproj", "{BE733C3B-96DE-4AA8-B124-62280C02B0C7}"
EndProject
Project("{FAE04EC0-301F-11D3-BF4B-00C04F79EFBC}") = "database_layer", "database_layer\database_layer.csproj", "{C03EBCD3-1149-41EB-AEEF-54D0323BA4EB}"
EndProject
Project("{FAE04EC0-301F-11D3-BF4B-00C04F79EFBC}") = "logic_layer", "logic_layer\logic_layer.csproj", "{3366E8DF-390A-480E-9E11-FF67FC2AFDDA}"
EndProject
Global
	GlobalSection(SolutionConfigurationPlatforms) = preSolution
		Debug|Any CPU = Debug|Any CPU
		Debug|ARM = Debug|ARM
		Debug|ARM64 = Debug|ARM64
		Debug|x64 = Debug|x64
		Debug|x86 = Debug|x86
		Release|Any CPU = Release|Any CPU
		Release|ARM = Release|ARM
		Release|ARM64 = Release|ARM64
		Release|x64 = Release|x64
		Release|x86 = Release|x86
	EndGlobalSection
	GlobalSection(ProjectConfigurationPlatforms) = postSolution
		{BE733C3B-96DE-4AA8-B124-62280C02B0C7}.Debug|Any CPU.ActiveCfg = Debug|Any CPU
		{BE733C3B-96DE-4AA8-B124-62280C02B0C7}.Debug|Any CPU.Build.0 = Debug|Any CPU
		{BE733C3B-96DE-4AA8-B124-62280C02B0C7}.Debug|ARM.ActiveCfg = Debug|Any CPU
		{BE733C3B-96DE-4AA8-B124-62280C02B0C7}.Debug|ARM.Build.0 = Debug|Any CPU
		{BE733C3B-96DE-4AA8-B124-62280C02B0C7}.Debug|ARM64.ActiveCfg = Debug|Any CPU
		{BE733C3B-96DE-4AA8-B124-62280C02B0C7}.Debug|ARM64.Build.0 = Debug|Any CPU
		{BE733C3B-96DE-4AA8-B124-62280C02B0C7}.Debug|x64.ActiveCfg = Debug|Any CPU
		{BE733C3B-96DE-4AA8-B124-62280C02B0C7}.Debug|x64.Build.0 = Debug|Any CPU
		{BE733C3B-96DE-4AA8-B124-62280C02B0C7}.Debug|x86.ActiveCfg = Debug|Any CPU
		{BE733C3B-96DE-4AA8-B124-62280C02B0C7}.Debug|x86.Build.0 = Debug|Any CPU
		{BE733C3B-96DE-4AA8-B124-62280C02B0C7}.Release|Any CPU.ActiveCfg = Release|Any CPU
		{BE733C3B-96DE-4AA8-B124-62280C02B0C7}.Release|Any CPU.Build.0 = Release|Any CPU
		{BE733C3B-96DE-4AA8-B124-62280C02B0C7}.Release|ARM.ActiveCfg = Release|Any CPU
		{BE733C3B-96DE-4AA8-B124-62280C02B0C7}.Release|ARM.Build.0 = Release|Any CPU
		{BE733C3B-96DE-4AA8-B124-62280C02B0C7}.Release|ARM64.ActiveCfg = Release|Any CPU
		{BE733C3B-96DE-4AA8-B124-62280C02B0C7}.Release|ARM64.Build.0 = Release|Any CPU
		{BE733C3B-96DE-4AA8-B124-62280C02B0C7}.Release|x64.ActiveCfg = Release|Any CPU
		{BE733C3B-96DE-4AA8-B124-62280C02B0C7}.Release|x64.Build.0 = Release|Any CPU
		{BE733C3B-96DE-4AA8-B124-62280C02B0C7}.Release|x86.ActiveCfg = Release|Any CPU
		{BE733C3B-96DE-4AA8-B124-62280C02B0C7}.Release|x86.Build.0 = Release|Any CPU
		{C03EBCD3-1149-41EB-AEEF-54D0323BA4EB}.Debug|Any CPU.ActiveCfg = Debug|Any CPU
		{C03EBCD3-1149-41EB-AEEF-54D0323BA4EB}.Debug|Any CPU.Build.0 = Debug|Any CPU
		{C03EBCD3-1149-41EB-AEEF-54D0323BA4EB}.Debug|ARM.ActiveCfg = Debug|Any CPU
		{C03EBCD3-1149-41EB-AEEF-54D0323BA4EB}.Debug|ARM.Build.0 = Debug|Any CPU
		{C03EBCD3-1149-41EB-AEEF-54D0323BA4EB}.Debug|ARM64.ActiveCfg = Debug|Any CPU
		{C03EBCD3-1149-41EB-AEEF-54D0323BA4EB}.Debug|ARM64.Build.0 = Debug|Any CPU
		{C03EBCD3-1149-41EB-AEEF-54D0323BA4EB}.Debug|x64.ActiveCfg = Debug|Any CPU
		{C03EBCD3-1149-41EB-AEEF-54D0323BA4EB}.Debug|x64.Build.0 = Debug|Any CPU
		{C03EBCD3-1149-41EB-AEEF-54D0323BA4EB}.Debug|x86.ActiveCfg = Debug|Any CPU
		{C03EBCD3-1149-41EB-AEEF-54D0323BA4EB}.Debug|x86.Build.0 = Debug|Any CPU
		{C03EBCD3-1149-41EB-AEEF-54D0323BA4EB}.Release|Any CPU.ActiveCfg = Release|Any CPU
		{C03EBCD3-1149-41EB-AEEF-54D0323BA4EB}.Release|Any CPU.Build.0 = Release|Any CPU
		{C03EBCD3-1149-41EB-AEEF-54D0323BA4EB}.Release|ARM.ActiveCfg = Release|Any CPU
		{C03EBCD3-1149-41EB-AEEF-54D0323BA4EB}.Release|ARM.Build.0 = Release|Any CPU
		{C03EBCD3-1149-41EB-AEEF-54D0323BA4EB}.Release|ARM64.ActiveCfg = Release|Any CPU
		{C03EBCD3-1149-41EB-AEEF-54D0323BA4EB}.Release|ARM64.Build.0 = Release|Any CPU
		{C03EBCD3-1149-41EB-AEEF-54D0323BA4EB}.Release|x64.ActiveCfg = Release|Any CPU
		{C03EBCD3-1149-41EB-AEEF-54D0323BA4EB}.Release|x64.Build.0 = Release|Any CPU
		{C03EBCD3-1149-41EB-AEEF-54D0323BA4EB}.Release|x86.ActiveCfg = Release|Any CPU
		{C03EBCD3-1149-41EB-AEEF-54D0323BA4EB}.Release|x86.Build.0 = Release|Any CPU
		{3366E8DF-390A-480E-9E11-FF67FC2AFDDA}.Debug|Any CPU.ActiveCfg = Debug|Any CPU
		{3366E8DF-390A-480E-9E11-FF67FC2AFDDA}.Debug|Any CPU.Build.0 = Debug|Any CPU
		{3366E8DF-390A-480E-9E11-FF67FC2AFDDA}.Debug|ARM.ActiveCfg = Debug|Any CPU
		{3366E8DF-390A-480E-9E11-FF67FC2AFDDA}.Debug|ARM.Build.0 = Debug|Any CPU
		{3366E8DF-390A-480E-9E11-FF67FC2AFDDA}.Debug|ARM64.ActiveCfg = Debug|Any CPU
		{3366E8DF-390A-480E-9E11-FF67FC2AFDDA}.Debug|ARM64.Build.0 = Debug|Any CPU
		{3366E8DF-390A-480E-9E11-FF67FC2AFDDA}.Debug|x64.ActiveCfg = Debug|Any CPU
		{3366E8DF-390A-480E-9E11-FF67FC2AFDDA}.Debug|x64.Build.0 = Debug|Any CPU
		{3366E8DF-390A-480E-9E11-FF67FC2AFDDA}.Debug|x86.ActiveCfg = Debug|Any CPU
		{3366E8DF-390A-480E-9E11-FF67FC2AFDDA}.Debug|x86.Build.0 = Debug|Any CPU
		{3366E8DF-390A-480E-9E11-FF67FC2AFDDA}.Release|Any CPU.ActiveCfg = Release|Any CPU
		{3366E8DF-390A-480E-9E11-FF67FC2AFDDA}.Release|Any CPU.Build.0 = Release|Any CPU
		{3366E8DF-390A-480E-9E11-FF67FC2AFDDA}.Release|ARM.ActiveCfg = Release|Any CPU
		{3366E8DF-390A-480E-9E11-FF67FC2AFDDA}.Release|ARM.Build.0 = Release|Any CPU
		{3366E8DF-390A-480E-9E11-FF67FC2AFDDA}.Release|ARM64.ActiveCfg = Release|Any CPU
		{3366E8DF-390A-480E-9E11-FF67FC2AFDDA}.Release|ARM64.Build.0 = Release|Any CPU
		{3366E8DF-390A-480E-9E11-FF67FC2AFDDA}.Release|x64.ActiveCfg = Release|Any CPU
		{3366E8DF-390A-480E-9E11-FF67FC2AFDDA}.Release|x64.Build.0 = Release|Any CPU
		{3366E8DF-390A-480E-9E11-FF67FC2AFDDA}.Release|x86.ActiveCfg = Release|Any CPU
		{3366E8DF-390A-480E-9E11-FF67FC2AFDDA}.Release|x86.Build.0 = Release|Any CPU
	EndGlobalSection
	GlobalSection(SolutionProperties) = preSolution
		HideSolutionNode = FALSE
	EndGlobalSection
	GlobalSection(ExtensibilityGlobals) = postSolution
		SolutionGuid = {C3A83004-C0C4-42C0-87E7-DC4F850EB3F6}
	EndGlobalSection
EndGlobal
